
Microsoft Visual Studio Solution File, Format Version 12.00
# Visual Studio Version 17
VisualStudioVersion = 17.5.002.0
MinimumVisualStudioVersion = 10.0.40219.1
Project("{9A19103F-16F7-4668-BE54-9A1E7A4F7556}") = "Baranggay Health Records", "Baranggay Health Records.csproj", "{DA2BF363-86FC-4FFC-B97D-AD346408BE55}"
EndProject
Global
	GlobalSection(SolutionConfigurationPlatforms) = preSolution
		Debug|Any CPU = Debug|Any CPU
		Release|Any CPU = Release|Any CPU
	EndGlobalSection
	GlobalSection(ProjectConfigurationPlatforms) = postSolution
		{DA2BF363-86FC-4FFC-B97D-AD346408BE55}.Debug|Any CPU.ActiveCfg = Debug|Any CPU
		{DA2BF363-86FC-4FFC-B97D-AD346408BE55}.Debug|Any CPU.Build.0 = Debug|Any CPU
		{DA2BF363-86FC-4FFC-B97D-AD346408BE55}.Release|Any CPU.ActiveCfg = Release|Any CPU
		{DA2BF363-86FC-4FFC-B97D-AD346408BE55}.Release|Any CPU.Build.0 = Release|Any CPU
	EndGlobalSection
	GlobalSection(SolutionProperties) = preSolution
		HideSolutionNode = FALSE
	EndGlobalSection
	GlobalSection(ExtensibilityGlobals) = postSolution
		SolutionGuid = {9706F46B-9A33-489D-ABF1-0C6E0A0A7062}
	EndGlobalSection
EndGlobal
